// !$*UTF8*$!
{
	archiveVersion = 1;
	classes = {
	};
	objectVersion = 50;
	objects = {

/* Begin PBXBuildFile section */
		8120FF85240DDC8F00B8FECE /* AppDelegate.swift in Sources */ = {isa = PBXBuildFile; fileRef = 8120FF84240DDC8F00B8FECE /* AppDelegate.swift */; };
		8120FF87240DDC8F00B8FECE /* SceneDelegate.swift in Sources */ = {isa = PBXBuildFile; fileRef = 8120FF86240DDC8F00B8FECE /* SceneDelegate.swift */; };
		8120FF8C240DDC8F00B8FECE /* Main.storyboard in Resources */ = {isa = PBXBuildFile; fileRef = 8120FF8A240DDC8F00B8FECE /* Main.storyboard */; };
		8120FF8E240DDC9100B8FECE /* Assets.xcassets in Resources */ = {isa = PBXBuildFile; fileRef = 8120FF8D240DDC9100B8FECE /* Assets.xcassets */; };
		8120FF91240DDC9100B8FECE /* LaunchScreen.storyboard in Resources */ = {isa = PBXBuildFile; fileRef = 8120FF8F240DDC9100B8FECE /* LaunchScreen.storyboard */; };
		817682A8240DF2F900EB677A /* WorldCupTableViewCell.swift in Sources */ = {isa = PBXBuildFile; fileRef = 817682A7240DF2F900EB677A /* WorldCupTableViewCell.swift */; };
		81FBACC9240DDFA6006864B1 /* WorldCupViewController.swift in Sources */ = {isa = PBXBuildFile; fileRef = 81FBACC8240DDFA6006864B1 /* WorldCupViewController.swift */; };
		81FBACCB240DDFB5006864B1 /* WinnersTableViewController.swift in Sources */ = {isa = PBXBuildFile; fileRef = 81FBACCA240DDFB5006864B1 /* WinnersTableViewController.swift */; };
		81FBACCF240DE0F5006864B1 /* WorldCup.swift in Sources */ = {isa = PBXBuildFile; fileRef = 81FBACCE240DE0F5006864B1 /* WorldCup.swift */; };
		81FBACD8240DE33A006864B1 /* winners.json in Resources */ = {isa = PBXBuildFile; fileRef = 81FBACD7240DE33A006864B1 /* winners.json */; };
/* End PBXBuildFile section */

/* Begin PBXFileReference section */
		8120FF81240DDC8F00B8FECE /* CampeoesDasCopas.app */ = {isa = PBXFileReference; explicitFileType = wrapper.application; includeInIndex = 0; path = CampeoesDasCopas.app; sourceTree = BUILT_PRODUCTS_DIR; };
		8120FF84240DDC8F00B8FECE /* AppDelegate.swift */ = {isa = PBXFileReference; lastKnownFileType = sourcecode.swift; path = AppDelegate.swift; sourceTree = "<group>"; };
		8120FF86240DDC8F00B8FECE /* SceneDelegate.swift */ = {isa = PBXFileReference; lastKnownFileType = sourcecode.swift; path = SceneDelegate.swift; sourceTree = "<group>"; };
		8120FF8B240DDC8F00B8FECE /* Base */ = {isa = PBXFileReference; lastKnownFileType = file.storyboard; name = Base; path = Base.lproj/Main.storyboard; sourceTree = "<group>"; };
		8120FF8D240DDC9100B8FECE /* Assets.xcassets */ = {isa = PBXFileReference; lastKnownFileType = folder.assetcatalog; path = Assets.xcassets; sourceTree = "<group>"; };
		8120FF90240DDC9100B8FECE /* Base */ = {isa = PBXFileReference; lastKnownFileType = file.storyboard; name = Base; path = Base.lproj/LaunchScreen.storyboard; sourceTree = "<group>"; };
		8120FF92240DDC9100B8FECE /* Info.plist */ = {isa = PBXFileReference; lastKnownFileType = text.plist.xml; path = Info.plist; sourceTree = "<group>"; };
		817682A7240DF2F900EB677A /* WorldCupTableViewCell.swift */ = {isa = PBXFileReference; lastKnownFileType = sourcecode.swift; path = WorldCupTableViewCell.swift; sourceTree = "<group>"; };
		81FBACC8240DDFA6006864B1 /* WorldCupViewController.swift */ = {isa = PBXFileReference; fileEncoding = 4; lastKnownFileType = sourcecode.swift; path = WorldCupViewController.swift; sourceTree = "<group>"; };
		81FBACCA240DDFB5006864B1 /* WinnersTableViewController.swift */ = {isa = PBXFileReference; fileEncoding = 4; lastKnownFileType = sourcecode.swift; path = WinnersTableViewController.swift; sourceTree = "<group>"; };
		81FBACCE240DE0F5006864B1 /* WorldCup.swift */ = {isa = PBXFileReference; lastKnownFileType = sourcecode.swift; path = WorldCup.swift; sourceTree = "<group>"; };
		81FBACD7240DE33A006864B1 /* winners.json */ = {isa = PBXFileReference; fileEncoding = 4; lastKnownFileType = text.json; path = winners.json; sourceTree = "<group>"; };
/* End PBXFileReference section */

/* Begin PBXFrameworksBuildPhase section */
		8120FF7E240DDC8F00B8FECE /* Frameworks */ = {
			isa = PBXFrameworksBuildPhase;
			buildActionMask = 2147483647;
			files = (
			);
			runOnlyForDeploymentPostprocessing = 0;
		};
/* End PBXFrameworksBuildPhase section */

/* Begin PBXGroup section */
		8120FF78240DDC8F00B8FECE = {
			isa = PBXGroup;
			children = (
				8120FF83240DDC8F00B8FECE /* CampeoesDasCopas */,
				8120FF82240DDC8F00B8FECE /* Products */,
			);
			sourceTree = "<group>";
		};
		8120FF82240DDC8F00B8FECE /* Products */ = {
			isa = PBXGroup;
			children = (
				8120FF81240DDC8F00B8FECE /* CampeoesDasCopas.app */,
			);
			name = Products;
			sourceTree = "<group>";
		};
		8120FF83240DDC8F00B8FECE /* CampeoesDasCopas */ = {
			isa = PBXGroup;
			children = (
				81FBACD9240DE342006864B1 /* Files */,
				8120FF84240DDC8F00B8FECE /* AppDelegate.swift */,
				8120FF86240DDC8F00B8FECE /* SceneDelegate.swift */,
				8120FF99240DDD0D00B8FECE /* Controllers */,
				8120FF98240DDCED00B8FECE /* Views */,
				8120FF8D240DDC9100B8FECE /* Assets.xcassets */,
				8120FF92240DDC9100B8FECE /* Info.plist */,
				81FBACD0240DE0FA006864B1 /* Models */,
				817682A9240DF30B00EB677A /* Cells */,
			);
			path = CampeoesDasCopas;
			sourceTree = "<group>";
		};
		8120FF98240DDCED00B8FECE /* Views */ = {
			isa = PBXGroup;
			children = (
				8120FF8A240DDC8F00B8FECE /* Main.storyboard */,
				8120FF8F240DDC9100B8FECE /* LaunchScreen.storyboard */,
			);
			path = Views;
			sourceTree = "<group>";
		};
		8120FF99240DDD0D00B8FECE /* Controllers */ = {
			isa = PBXGroup;
			children = (
				81FBACCA240DDFB5006864B1 /* WinnersTableViewController.swift */,
				81FBACC8240DDFA6006864B1 /* WorldCupViewController.swift */,
			);
			path = Controllers;
			sourceTree = "<group>";
		};
		817682A9240DF30B00EB677A /* Cells */ = {
			isa = PBXGroup;
			children = (
				817682A7240DF2F900EB677A /* WorldCupTableViewCell.swift */,
			);
			path = Cells;
			sourceTree = "<group>";
		};
		81FBACD0240DE0FA006864B1 /* Models */ = {
			isa = PBXGroup;
			children = (
				81FBACCE240DE0F5006864B1 /* WorldCup.swift */,
			);
			path = Models;
			sourceTree = "<group>";
		};
		81FBACD9240DE342006864B1 /* Files */ = {
			isa = PBXGroup;
			children = (
				81FBACD7240DE33A006864B1 /* winners.json */,
			);
			path = Files;
			sourceTree = "<group>";
		};
/* End PBXGroup section */

/* Begin PBXNativeTarget section */
		8120FF80240DDC8F00B8FECE /* CampeoesDasCopas */ = {
			isa = PBXNativeTarget;
			buildConfigurationList = 8120FF95240DDC9100B8FECE /* Build configuration list for PBXNativeTarget "CampeoesDasCopas" */;
			buildPhases = (
				8120FF7D240DDC8F00B8FECE /* Sources */,
				8120FF7E240DDC8F00B8FECE /* Frameworks */,
				8120FF7F240DDC8F00B8FECE /* Resources */,
			);
			buildRules = (
			);
			dependencies = (
			);
			name = CampeoesDasCopas;
			productName = CampeoesDasCopas;
			productReference = 8120FF81240DDC8F00B8FECE /* CampeoesDasCopas.app */;
			productType = "com.apple.product-type.application";
		};
/* End PBXNativeTarget section */

/* Begin PBXProject section */
		8120FF79240DDC8F00B8FECE /* Project object */ = {
			isa = PBXProject;
			attributes = {
				LastSwiftUpdateCheck = 1130;
				LastUpgradeCheck = 1130;
				ORGANIZATIONNAME = Vinicius;
				TargetAttributes = {
					8120FF80240DDC8F00B8FECE = {
						CreatedOnToolsVersion = 11.3.1;
					};
				};
			};
			buildConfigurationList = 8120FF7C240DDC8F00B8FECE /* Build configuration list for PBXProject "CampeoesDasCopas" */;
			compatibilityVersion = "Xcode 9.3";
			developmentRegion = en;
			hasScannedForEncodings = 0;
			knownRegions = (
				en,
				Base,
			);
			mainGroup = 8120FF78240DDC8F00B8FECE;
			productRefGroup = 8120FF82240DDC8F00B8FECE /* Products */;
			projectDirPath = "";
			projectRoot = "";
			targets = (
				8120FF80240DDC8F00B8FECE /* CampeoesDasCopas */,
			);
		};
/* End PBXProject section */

/* Begin PBXResourcesBuildPhase section */
		8120FF7F240DDC8F00B8FECE /* Resources */ = {
			isa = PBXResourcesBuildPhase;
			buildActionMask = 2147483647;
			files = (
				8120FF91240DDC9100B8FECE /* LaunchScreen.storyboard in Resources */,
				8120FF8E240DDC9100B8FECE /* Assets.xcassets in Resources */,
				81FBACD8240DE33A006864B1 /* winners.json in Resources */,
				8120FF8C240DDC8F00B8FECE /* Main.storyboard in Resources */,
			);
			runOnlyForDeploymentPostprocessing = 0;
		};
/* End PBXResourcesBuildPhase section */

/* Begin PBXSourcesBuildPhase section */
		8120FF7D240DDC8F00B8FECE /* Sources */ = {
			isa = PBXSourcesBuildPhase;
			buildActionMask = 2147483647;
			files = (
				81FBACCB240DDFB5006864B1 /* WinnersTableViewController.swift in Sources */,
				8120FF85240DDC8F00B8FECE /* AppDelegate.swift in Sources */,
				81FBACCF240DE0F5006864B1 /* WorldCup.swift in Sources */,
				817682A8240DF2F900EB677A /* WorldCupTableViewCell.swift in Sources */,
				8120FF87240DDC8F00B8FECE /* SceneDelegate.swift in Sources */,
				81FBACC9240DDFA6006864B1 /* WorldCupViewController.swift in Sources */,
			);
			runOnlyForDeploymentPostprocessing = 0;
		};
/* End PBXSourcesBuildPhase section */

/* Begin PBXVariantGroup section */
		8120FF8A240DDC8F00B8FECE /* Main.storyboard */ = {
			isa = PBXVariantGroup;
			children = (
				8120FF8B240DDC8F00B8FECE /* Base */,
			);
			name = Main.storyboard;
			sourceTree = "<group>";
		};
		8120FF8F240DDC9100B8FECE /* LaunchScreen.storyboard */ = {
			isa = PBXVariantGroup;
			children = (
				8120FF90240DDC9100B8FECE /* Base */,
			);
			name = LaunchScreen.storyboard;
			sourceTree = "<group>";
		};
/* End PBXVariantGroup section */

/* Begin XCBuildConfiguration section */
		8120FF93240DDC9100B8FECE /* Debug */ = {
			isa = XCBuildConfiguration;
			buildSettings = {
				ALWAYS_SEARCH_USER_PATHS = NO;
				CLANG_ANALYZER_NONNULL = YES;
				CLANG_ANALYZER_NUMBER_OBJECT_CONVERSION = YES_AGGRESSIVE;
				CLANG_CXX_LANGUAGE_STANDARD = "gnu++14";
				CLANG_CXX_LIBRARY = "libc++";
				CLANG_ENABLE_MODULES = YES;
				CLANG_ENABLE_OBJC_ARC = YES;
				CLANG_ENABLE_OBJC_WEAK = YES;
				CLANG_WARN_BLOCK_CAPTURE_AUTORELEASING = YES;
				CLANG_WARN_BOOL_CONVERSION = YES;
				CLANG_WARN_COMMA = YES;
				CLANG_WARN_CONSTANT_CONVERSION = YES;
				CLANG_WARN_DEPRECATED_OBJC_IMPLEMENTATIONS = YES;
				CLANG_WARN_DIRECT_OBJC_ISA_USAGE = YES_ERROR;
				CLANG_WARN_DOCUMENTATION_COMMENTS = YES;
				CLANG_WARN_EMPTY_BODY = YES;
				CLANG_WARN_ENUM_CONVERSION = YES;
				CLANG_WARN_INFINITE_RECURSION = YES;
				CLANG_WARN_INT_CONVERSION = YES;
				CLANG_WARN_NON_LITERAL_NULL_CONVERSION = YES;
				CLANG_WARN_OBJC_IMPLICIT_RETAIN_SELF = YES;
				CLANG_WARN_OBJC_LITERAL_CONVERSION = YES;
				CLANG_WARN_OBJC_ROOT_CLASS = YES_ERROR;
				CLANG_WARN_RANGE_LOOP_ANALYSIS = YES;
				CLANG_WARN_STRICT_PROTOTYPES = YES;
				CLANG_WARN_SUSPICIOUS_MOVE = YES;
				CLANG_WARN_UNGUARDED_AVAILABILITY = YES_AGGRESSIVE;
				CLANG_WARN_UNREACHABLE_CODE = YES;
				CLANG_WARN__DUPLICATE_METHOD_MATCH = YES;
				COPY_PHASE_STRIP = NO;
				DEBUG_INFORMATION_FORMAT = dwarf;
				ENABLE_STRICT_OBJC_MSGSEND = YES;
				ENABLE_TESTABILITY = YES;
				GCC_C_LANGUAGE_STANDARD = gnu11;
				GCC_DYNAMIC_NO_PIC = NO;
				GCC_NO_COMMON_BLOCKS = YES;
				GCC_OPTIMIZATION_LEVEL = 0;
				GCC_PREPROCESSOR_DEFINITIONS = (
					"DEBUG=1",
					"$(inherited)",
				);
				GCC_WARN_64_TO_32_BIT_CONVERSION = YES;
				GCC_WARN_ABOUT_RETURN_TYPE = YES_ERROR;
				GCC_WARN_UNDECLARED_SELECTOR = YES;
				GCC_WARN_UNINITIALIZED_AUTOS = YES_AGGRESSIVE;
				GCC_WARN_UNUSED_FUNCTION = YES;
				GCC_WARN_UNUSED_VARIABLE = YES;
				IPHONEOS_DEPLOYMENT_TARGET = 13.2;
				MTL_ENABLE_DEBUG_INFO = INCLUDE_SOURCE;
				MTL_FAST_MATH = YES;
				ONLY_ACTIVE_ARCH = YES;
				SDKROOT = iphoneos;
				SWIFT_ACTIVE_COMPILATION_CONDITIONS = DEBUG;
				SWIFT_OPTIMIZATION_LEVEL = "-Onone";
			};
			name = Debug;
		};
		8120FF94240DDC9100B8FECE /* Release */ = {
			isa = XCBuildConfiguration;
			buildSettings = {
				ALWAYS_SEARCH_USER_PATHS = NO;
				CLANG_ANALYZER_NONNULL = YES;
				CLANG_ANALYZER_NUMBER_OBJECT_CONVERSION = YES_AGGRESSIVE;
				CLANG_CXX_LANGUAGE_STANDARD = "gnu++14";
				CLANG_CXX_LIBRARY = "libc++";
				CLANG_ENABLE_MODULES = YES;
				CLANG_ENABLE_OBJC_ARC = YES;
				CLANG_ENABLE_OBJC_WEAK = YES;
				CLANG_WARN_BLOCK_CAPTURE_AUTORELEASING = YES;
				CLANG_WARN_BOOL_CONVERSION = YES;
				CLANG_WARN_COMMA = YES;
				CLANG_WARN_CONSTANT_CONVERSION = YES;
				CLANG_WARN_DEPRECATED_OBJC_IMPLEMENTATIONS = YES;
				CLANG_WARN_DIRECT_OBJC_ISA_USAGE = YES_ERROR;
				CLANG_WARN_DOCUMENTATION_COMMENTS = YES;
				CLANG_WARN_EMPTY_BODY = YES;
				CLANG_WARN_ENUM_CONVERSION = YES;
				CLANG_WARN_INFINITE_RECURSION = YES;
				CLANG_WARN_INT_CONVERSION = YES;
				CLANG_WARN_NON_LITERAL_NULL_CONVERSION = YES;
				CLANG_WARN_OBJC_IMPLICIT_RETAIN_SELF = YES;
				CLANG_WARN_OBJC_LITERAL_CONVERSION = YES;
				CLANG_WARN_OBJC_ROOT_CLASS = YES_ERROR;
				CLANG_WARN_RANGE_LOOP_ANALYSIS = YES;
				CLANG_WARN_STRICT_PROTOTYPES = YES;
				CLANG_WARN_SUSPICIOUS_MOVE = YES;
				CLANG_WARN_UNGUARDED_AVAILABILITY = YES_AGGRESSIVE;
				CLANG_WARN_UNREACHABLE_CODE = YES;
				CLANG_WARN__DUPLICATE_METHOD_MATCH = YES;
				COPY_PHASE_STRIP = NO;
				DEBUG_INFORMATION_FORMAT = "dwarf-with-dsym";
				ENABLE_NS_ASSERTIONS = NO;
				ENABLE_STRICT_OBJC_MSGSEND = YES;
				GCC_C_LANGUAGE_STANDARD = gnu11;
				GCC_NO_COMMON_BLOCKS = YES;
				GCC_WARN_64_TO_32_BIT_CONVERSION = YES;
				GCC_WARN_ABOUT_RETURN_TYPE = YES_ERROR;
				GCC_WARN_UNDECLARED_SELECTOR = YES;
				GCC_WARN_UNINITIALIZED_AUTOS = YES_AGGRESSIVE;
				GCC_WARN_UNUSED_FUNCTION = YES;
				GCC_WARN_UNUSED_VARIABLE = YES;
				IPHONEOS_DEPLOYMENT_TARGET = 13.2;
				MTL_ENABLE_DEBUG_INFO = NO;
				MTL_FAST_MATH = YES;
				SDKROOT = iphoneos;
				SWIFT_COMPILATION_MODE = wholemodule;
				SWIFT_OPTIMIZATION_LEVEL = "-O";
				VALIDATE_PRODUCT = YES;
			};
			name = Release;
		};
		8120FF96240DDC9100B8FECE /* Debug */ = {
			isa = XCBuildConfiguration;
			buildSettings = {
				ASSETCATALOG_COMPILER_APPICON_NAME = AppIcon;
				CODE_SIGN_STYLE = Automatic;
				INFOPLIST_FILE = CampeoesDasCopas/Info.plist;
				LD_RUNPATH_SEARCH_PATHS = (
					"$(inherited)",
					"@executable_path/Frameworks",
				);
				PRODUCT_BUNDLE_IDENTIFIER = com.viniesantana.CampeoesDasCopas;
				PRODUCT_NAME = "$(TARGET_NAME)";
				SWIFT_VERSION = 5.0;
				TARGETED_DEVICE_FAMILY = "1,2";
			};
			name = Debug;
		};
		8120FF97240DDC9100B8FECE /* Release */ = {
			isa = XCBuildConfiguration;
			buildSettings = {
				ASSETCATALOG_COMPILER_APPICON_NAME = AppIcon;
				CODE_SIGN_STYLE = Automatic;
				INFOPLIST_FILE = CampeoesDasCopas/Info.plist;
				LD_RUNPATH_SEARCH_PATHS = (
					"$(inherited)",
					"@executable_path/Frameworks",
				);
				PRODUCT_BUNDLE_IDENTIFIER = com.viniesantana.CampeoesDasCopas;
				PRODUCT_NAME = "$(TARGET_NAME)";
				SWIFT_VERSION = 5.0;
				TARGETED_DEVICE_FAMILY = "1,2";
			};
			name = Release;
		};
/* End XCBuildConfiguration section */

/* Begin XCConfigurationList section */
		8120FF7C240DDC8F00B8FECE /* Build configuration list for PBXProject "CampeoesDasCopas" */ = {
			isa = XCConfigurationList;
			buildConfigurations = (
				8120FF93240DDC9100B8FECE /* Debug */,
				8120FF94240DDC9100B8FECE /* Release */,
			);
			defaultConfigurationIsVisible = 0;
			defaultConfigurationName = Release;
		};
		8120FF95240DDC9100B8FECE /* Build configuration list for PBXNativeTarget "CampeoesDasCopas" */ = {
			isa = XCConfigurationList;
			buildConfigurations = (
				8120FF96240DDC9100B8FECE /* Debug */,
				8120FF97240DDC9100B8FECE /* Release */,
			);
			defaultConfigurationIsVisible = 0;
			defaultConfigurationName = Release;
		};
/* End XCConfigurationList section */
	};
	rootObject = 8120FF79240DDC8F00B8FECE /* Project object */;
}
